<?xml version="1.0" encoding="utf-8"?>
<Project ToolsVersion="4.0" xmlns="http://schemas.microsoft.com/developer/msbuild/2003">
  <ItemGroup>
    <Filter Include="header">
      <UniqueIdentifier>{93995380-89BD-4b04-88EB-625FBE52EBFB}</UniqueIdentifier>
      <Extensions>h;hh;hpp;hxx;hm;inl;inc;xsd</Extensions>
    </Filter>
    <Filter Include="header\n160_board___">
      <UniqueIdentifier>{7b7d8a2f-48b0-4741-8d05-d4f779029769}</UniqueIdentifier>
    </Filter>
    <Filter Include="header\n900_main____">
      <UniqueIdentifier>{dd42631b-4183-489a-a416-f3388e205141}</UniqueIdentifier>
    </Filter>
    <Filter Include="resource">
      <UniqueIdentifier>{67DA6AB6-F800-4c08-8B7A-83BB121AAD01}</UniqueIdentifier>
      <Extensions>rc;ico;cur;bmp;dlg;rc2;rct;bin;rgs;gif;jpg;jpeg;jpe;resx;tiff;tif;png;wav;mfcribbon-ms</Extensions>
    </Filter>
    <Filter Include="source">
      <UniqueIdentifier>{4FC737F1-C7A5-4376-A066-2A32D752A2FF}</UniqueIdentifier>
      <Extensions>cpp;c;cc;cxx;def;odl;idl;hpj;bat;asm;asmx</Extensions>
    </Filter>
    <Filter Include="source\n080_common">
      <UniqueIdentifier>{402fcfcc-1379-4ee1-93c7-83438a227775}</UniqueIdentifier>
    </Filter>
    <Filter Include="source\n160_board___">
      <UniqueIdentifier>{7ca6996e-3e41-4079-bff6-634b0fa58752}</UniqueIdentifier>
    </Filter>
    <Filter Include="source\n900_main____">
      <UniqueIdentifier>{e740a81a-9ed3-4c4b-8cd4-0e85d49331d4}</UniqueIdentifier>
    </Filter>
    <Filter Include="header\n220_position">
      <UniqueIdentifier>{b0c50e85-d48f-4cd2-b43f-19280b6c0932}</UniqueIdentifier>
    </Filter>
    <Filter Include="source\n220_position">
      <UniqueIdentifier>{84cc517c-90ba-43d5-8ca0-a31ef4a63817}</UniqueIdentifier>
    </Filter>
    <Filter Include="header\n105_color___">
      <UniqueIdentifier>{2433db83-ede4-4e53-9bd9-82f69d2a7141}</UniqueIdentifier>
    </Filter>
    <Filter Include="header\n110_square__">
      <UniqueIdentifier>{7d880f53-b182-46fe-82c2-e24174f26675}</UniqueIdentifier>
    </Filter>
    <Filter Include="source\n110_square___">
      <UniqueIdentifier>{e91d9c8d-fc9c-47cd-817b-fd0c84ce0af6}</UniqueIdentifier>
    </Filter>
    <Filter Include="header\n113_piece___">
      <UniqueIdentifier>{888784f3-27a1-44c9-975c-141d36552a64}</UniqueIdentifier>
    </Filter>
    <Filter Include="header\n111_colorSq_">
      <UniqueIdentifier>{ad69c688-6d89-4ccb-8822-e18ef2b04e06}</UniqueIdentifier>
    </Filter>
    <Filter Include="source\n111_colorSq_">
      <UniqueIdentifier>{900d1854-d547-48c6-a64f-afe20f838870}</UniqueIdentifier>
    </Filter>
    <Filter Include="header\n223_move____">
      <UniqueIdentifier>{a0a085e1-a6b1-4a03-99fe-f40bc7fd1bae}</UniqueIdentifier>
    </Filter>
    <Filter Include="source\n223_move____">
      <UniqueIdentifier>{04934408-75af-4da9-b9c6-26fbedbbda5f}</UniqueIdentifier>
    </Filter>
    <Filter Include="header\n119_score___">
      <UniqueIdentifier>{913bd94e-3d3f-4824-95ee-8c4e1c087715}</UniqueIdentifier>
    </Filter>
    <Filter Include="source\n119_score___">
      <UniqueIdentifier>{c514d6ec-9111-441d-840e-179e321ff59e}</UniqueIdentifier>
    </Filter>
    <Filter Include="source\n113_piece___">
      <UniqueIdentifier>{fc08e5bd-009b-4f03-b2de-4152da217d37}</UniqueIdentifier>
    </Filter>
    <Filter Include="header\n112_pieceTyp">
      <UniqueIdentifier>{9466ea2f-370b-4b47-87f6-abdc998b88e5}</UniqueIdentifier>
    </Filter>
    <Filter Include="header\n165_movStack">
      <UniqueIdentifier>{044c8353-b4df-41ed-8dcc-63aa72199fd7}</UniqueIdentifier>
    </Filter>
    <Filter Include="source\n165_movStack">
      <UniqueIdentifier>{dfddf7b5-cf7d-4702-8a6b-80cd4ed49225}</UniqueIdentifier>
    </Filter>
    <Filter Include="header\n225_movPhase">
      <UniqueIdentifier>{7db253da-80a6-4f9e-bab7-82b9306b8a24}</UniqueIdentifier>
    </Filter>
    <Filter Include="source\n225_movPhase">
      <UniqueIdentifier>{9ba7289c-c609-4377-98bb-ea76463ae119}</UniqueIdentifier>
    </Filter>
    <Filter Include="header\n800_learn___">
      <UniqueIdentifier>{9f69d673-c8f5-46e5-8658-a8ad57f34fba}</UniqueIdentifier>
    </Filter>
    <Filter Include="source\n760_thread__">
      <UniqueIdentifier>{513737b7-c031-4320-90e5-186023619924}</UniqueIdentifier>
    </Filter>
    <Filter Include="header\n760_thread__">
      <UniqueIdentifier>{3fb6f3ee-f426-4382-b2ae-da5d744a66bb}</UniqueIdentifier>
    </Filter>
    <Filter Include="source\n720_usi_____">
      <UniqueIdentifier>{65666d01-0eb5-44dc-8663-a4c71889e1a1}</UniqueIdentifier>
    </Filter>
    <Filter Include="header\n720_usi_____">
      <UniqueIdentifier>{696888f0-a298-4c80-9651-2e3f78e27ab1}</UniqueIdentifier>
    </Filter>
    <Filter Include="header\n680_egOption">
      <UniqueIdentifier>{03559da1-325e-40b3-86e8-cea32f1da61b}</UniqueIdentifier>
    </Filter>
    <Filter Include="source\n680_egOption">
      <UniqueIdentifier>{33c05404-3b57-44c4-9228-d6d3c8baf0bb}</UniqueIdentifier>
    </Filter>
    <Filter Include="source\n640_searcher">
      <UniqueIdentifier>{7a2abed9-850d-4f93-b902-3aeb6a75648a}</UniqueIdentifier>
    </Filter>
    <Filter Include="header\n640_searcher">
      <UniqueIdentifier>{0587b6a8-4775-4004-915f-f3f1e17b09a5}</UniqueIdentifier>
    </Filter>
    <Filter Include="source\n600_book____">
      <UniqueIdentifier>{be0669d1-7afc-43e9-ac66-647de8dbdac1}</UniqueIdentifier>
    </Filter>
    <Filter Include="header\n600_book____">
      <UniqueIdentifier>{9398154d-0646-456d-8741-9bdd8a09d72c}</UniqueIdentifier>
    </Filter>
    <Filter Include="header\n560_timeMng_">
      <UniqueIdentifier>{d17405d0-df1b-41eb-8c04-83a2914943fa}</UniqueIdentifier>
    </Filter>
    <Filter Include="source\n560_timeMng_">
      <UniqueIdentifier>{21b60163-171b-446b-a8ee-bfb0adf7b02c}</UniqueIdentifier>
    </Filter>
    <Filter Include="header\n520_evaluate">
      <UniqueIdentifier>{e910259a-f02f-4ce7-87bf-60338c2c47b8}</UniqueIdentifier>
    </Filter>
    <Filter Include="source\n520_evaluate">
      <UniqueIdentifier>{e012ac4c-fcb4-4a48-ae01-0b884d10e0b0}</UniqueIdentifier>
    </Filter>
    <Filter Include="header\n480_tt______">
      <UniqueIdentifier>{70336d3a-1621-46c7-a5af-df631ac9d67a}</UniqueIdentifier>
    </Filter>
    <Filter Include="source\n480_tt______">
      <UniqueIdentifier>{392d096e-0a5e-43a5-b2a7-20115b18425f}</UniqueIdentifier>
    </Filter>
    <Filter Include="header\n440_movStack">
      <UniqueIdentifier>{707954fe-61d6-4ce8-86dd-f41c027e5cc6}</UniqueIdentifier>
    </Filter>
    <Filter Include="source\n440_movStack">
      <UniqueIdentifier>{ad9fc7a6-680b-4f05-a3bf-3eb6c76fa2f7}</UniqueIdentifier>
    </Filter>
    <Filter Include="header\n450_movPhase">
      <UniqueIdentifier>{daf839cb-47fc-48d5-a157-1b279a85d725}</UniqueIdentifier>
    </Filter>
    <Filter Include="source\n450_movPhase">
      <UniqueIdentifier>{70e0543a-956c-42a4-b7d8-b2da092e80aa}</UniqueIdentifier>
    </Filter>
    <Filter Include="header\n350_pieceTyp">
      <UniqueIdentifier>{6e24cefb-b320-47af-83c6-03f9d5829406}</UniqueIdentifier>
    </Filter>
    <Filter Include="source\n350_pieceTyp">
      <UniqueIdentifier>{d246aceb-580d-4ee5-8266-44212b5e919e}</UniqueIdentifier>
    </Filter>
    <Filter Include="source\n358_dropMake">
      <UniqueIdentifier>{8a8036d6-ed46-4688-a199-1f54332cf5b1}</UniqueIdentifier>
    </Filter>
    <Filter Include="header\n358_dropMake">
      <UniqueIdentifier>{4e94f1d8-6fd4-49f3-8e71-bdfb94a9eb03}</UniqueIdentifier>
    </Filter>
    <Filter Include="header\n080_common__">
      <UniqueIdentifier>{e0e1793b-1bf4-4e1d-b0bb-65e02c416b83}</UniqueIdentifier>
    </Filter>
    <Filter Include="header\n163_sqDistan">
      <UniqueIdentifier>{d1f85262-f929-426e-ab77-ec43f8760a0b}</UniqueIdentifier>
    </Filter>
    <Filter Include="source\n163_sqDistan">
      <UniqueIdentifier>{dad1da8d-2da1-4b6f-8acd-5b2bb4b08143}</UniqueIdentifier>
    </Filter>
    <Filter Include="header\n162_bonaDir_">
      <UniqueIdentifier>{dafff2af-9957-43f5-a516-2b88aeac65ff}</UniqueIdentifier>
    </Filter>
    <Filter Include="source\n162_bonaDir_">
      <UniqueIdentifier>{27fc7adf-735d-47d6-96e7-e7dc38f774b3}</UniqueIdentifier>
    </Filter>
    <Filter Include="source\n161_sqDistan">
      <UniqueIdentifier>{add68fa2-907c-4127-ac6e-ee8a1b43c541}</UniqueIdentifier>
    </Filter>
    <Filter Include="header\n161_sqDistan">
      <UniqueIdentifier>{1b7d148b-da5c-4c66-84a8-9754f2f4d20b}</UniqueIdentifier>
    </Filter>
    <Filter Include="header\n351_bonaDir_">
      <UniqueIdentifier>{ad51cf7c-b83f-44dc-b619-29341477ae8e}</UniqueIdentifier>
    </Filter>
    <Filter Include="source\n351_bonaDir_">
      <UniqueIdentifier>{9f4a4109-6904-4184-9f85-212103e17706}</UniqueIdentifier>
    </Filter>
    <Filter Include="header\n885_searcher">
      <UniqueIdentifier>{d7ff7c2e-f562-42cc-8f12-6930ad79c43e}</UniqueIdentifier>
    </Filter>
    <Filter Include="source\n885_searcher">
      <UniqueIdentifier>{9ce0590a-7a3d-4d4a-8c9c-fefe2f61d93c}</UniqueIdentifier>
    </Filter>
    <Filter Include="header\n883_nodeType">
      <UniqueIdentifier>{3845759c-eaf6-48cf-a64c-c96beef0726e}</UniqueIdentifier>
    </Filter>
    <Filter Include="header\n887_nodeType">
      <UniqueIdentifier>{549f93ec-2a97-48a3-8e8a-f8de23e28b00}</UniqueIdentifier>
    </Filter>
    <Filter Include="source\n887_nodeType">
      <UniqueIdentifier>{151492f8-26d1-4d9b-ba6d-4cec723db3e1}</UniqueIdentifier>
    </Filter>
    <Filter Include="header\n374_genMove_">
      <UniqueIdentifier>{a249484b-fd82-4fde-8283-32c301522d21}</UniqueIdentifier>
    </Filter>
    <Filter Include="source\n374_genMove_">
      <UniqueIdentifier>{af043c7c-3557-4655-9b9e-62012adf618d}</UniqueIdentifier>
    </Filter>
    <Filter Include="header\n372_piece___">
      <UniqueIdentifier>{d6120d15-fee6-4234-a3c8-0f12e9801996}</UniqueIdentifier>
    </Filter>
    <Filter Include="source\n372_piece___">
      <UniqueIdentifier>{9b060656-b5ee-4dba-9036-f39b11ae405a}</UniqueIdentifier>
    </Filter>
    <Filter Include="header\n407_moveGen_">
      <UniqueIdentifier>{4e412930-2798-4962-89c3-20c8baa070cc}</UniqueIdentifier>
    </Filter>
    <Filter Include="source\n407_moveGen_">
      <UniqueIdentifier>{db8ab5fc-94c5-48ef-88cf-748df4d57058}</UniqueIdentifier>
    </Filter>
    <Filter Include="header\n405_moveType">
      <UniqueIdentifier>{69a42c4a-b2c6-4f2e-b638-ea3b7b6a08b4}</UniqueIdentifier>
    </Filter>
    <Filter Include="source\n405_moveType">
      <UniqueIdentifier>{6b73a060-0dc8-4622-95af-f377693e23bd}</UniqueIdentifier>
    </Filter>
    <Filter Include="header\n886_repeType">
      <UniqueIdentifier>{c0af112f-b935-48a8-9f32-0169f82cbc7f}</UniqueIdentifier>
    </Filter>
    <Filter Include="source\n886_repeType">
      <UniqueIdentifier>{2d17a063-9b8f-4a44-969d-7bcb62b87d15}</UniqueIdentifier>
    </Filter>
    <Filter Include="source\n800_learn___">
      <UniqueIdentifier>{b4e903c8-38e7-4086-94b5-1c996286b26b}</UniqueIdentifier>
    </Filter>
    <Filter Include="header\n755_sword___">
      <UniqueIdentifier>{e7d9e0f5-7ff8-4176-9a4e-2753105886e6}</UniqueIdentifier>
    </Filter>
    <Filter Include="source\n755_sword___">
      <UniqueIdentifier>{5351d633-45f1-4ccf-8719-591e7126cc0c}</UniqueIdentifier>
    </Filter>
    <Filter Include="source\n883_nodeType">
      <UniqueIdentifier>{12f8086c-e13c-4268-92e4-0a5751f5846d}</UniqueIdentifier>
    </Filter>
  </ItemGroup>
  <ItemGroup>
    <ClInclude Include="stdafx.h">
      <Filter>header</Filter>
    </ClInclude>
    <ClInclude Include="targetver.h">
      <Filter>header</Filter>
    </ClInclude>
    <ClInclude Include="header\n080_common__\n080_150_overloadEnumOperators.hpp">
      <Filter>header\n080_common__</Filter>
    </ClInclude>
    <ClInclude Include="header\n080_common__\n080_100_common.hpp">
      <Filter>header\n080_common__</Filter>
    </ClInclude>
    <ClInclude Include="header\n080_common__\n080_050_ifdef.hpp">
      <Filter>header\n080_common__</Filter>
    </ClInclude>
    <ClInclude Include="header\n160_board___\n160_100_bitboard.hpp">
      <Filter>header\n160_board___</Filter>
    </ClInclude>
    <ClInclude Include="header\n080_common__\n080_200_utilProgram.hpp">
      <Filter>header\n080_common__</Filter>
    </ClInclude>
    <ClInclude Include="header\n900_main____\n900_300_usiLoop.hpp">
      <Filter>header\n900_main____</Filter>
    </ClInclude>
    <ClInclude Include="header\n900_main____\n900_400_main01.hpp">
      <Filter>header\n900_main____</Filter>
    </ClInclude>
    <ClInclude Include="header\n220_position\n220_100_repetitionType.hpp">
      <Filter>header\n220_position</Filter>
    </ClInclude>
    <ClInclude Include="header\n220_position\n220_150_checkInfo.hpp">
      <Filter>header\n220_position</Filter>
    </ClInclude>
    <ClInclude Include="header\n220_position\n220_200_changedListPair.hpp">
      <Filter>header\n220_position</Filter>
    </ClInclude>
    <ClInclude Include="header\n220_position\n220_250_changedLists.hpp">
      <Filter>header\n220_position</Filter>
    </ClInclude>
    <ClInclude Include="header\n220_position\n220_300_stateInfoMin.hpp">
      <Filter>header\n220_position</Filter>
    </ClInclude>
    <ClInclude Include="header\n220_position\n220_350_stateInfo.hpp">
      <Filter>header\n220_position</Filter>
    </ClInclude>
    <ClInclude Include="header\n105_color___\n105_100_color.hpp">
      <Filter>header\n105_color___</Filter>
    </ClInclude>
    <ClInclude Include="header\n110_square__\n110_100_square.hpp">
      <Filter>header\n110_square__</Filter>
    </ClInclude>
    <ClInclude Include="header\n110_square__\n110_150_file.hpp">
      <Filter>header\n110_square__</Filter>
    </ClInclude>
    <ClInclude Include="header\n110_square__\n110_200_rank.hpp">
      <Filter>header\n110_square__</Filter>
    </ClInclude>
    <ClInclude Include="header\n110_square__\n110_250_squareDelta.hpp">
      <Filter>header\n110_square__</Filter>
    </ClInclude>
    <ClInclude Include="header\n110_square__\n110_300_direction.hpp">
      <Filter>header\n110_square__</Filter>
    </ClInclude>
    <ClInclude Include="header\n113_piece___\n113_150_piece.hpp">
      <Filter>header\n113_piece___</Filter>
    </ClInclude>
    <ClInclude Include="header\n113_piece___\n113_200_handPiece.hpp">
      <Filter>header\n113_piece___</Filter>
    </ClInclude>
    <ClInclude Include="header\n111_colorSq_\n111_500_ColorFileRank.h">
      <Filter>header\n111_colorSq_</Filter>
    </ClInclude>
    <ClInclude Include="header\n223_move____\n223_200_depth.hpp">
      <Filter>header\n223_move____</Filter>
    </ClInclude>
    <ClInclude Include="header\n119_score___\n119_050_bound.hpp">
      <Filter>header\n119_score___</Filter>
    </ClInclude>
    <ClInclude Include="header\n119_score___\n119_055_utilBound.hpp">
      <Filter>header\n119_score___</Filter>
    </ClInclude>
    <ClInclude Include="header\n119_score___\n119_100_utilScore.hpp">
      <Filter>header\n119_score___</Filter>
    </ClInclude>
    <ClInclude Include="header\n119_score___\n119_200_pieceScore.hpp">
      <Filter>header\n119_score___</Filter>
    </ClInclude>
    <ClInclude Include="header\n160_board___\n160_600_bitboardAll.hpp">
      <Filter>header\n160_board___</Filter>
    </ClInclude>
    <ClInclude Include="header\n160_board___\n160_400_printBb.hpp">
      <Filter>header\n160_board___</Filter>
    </ClInclude>
    <ClInclude Include="header\n160_board___\n160_240_betweenBb.hpp">
      <Filter>header\n160_board___</Filter>
    </ClInclude>
    <ClInclude Include="header\n160_board___\n160_200_horseAttackBb.hpp">
      <Filter>header\n160_board___</Filter>
    </ClInclude>
    <ClInclude Include="header\n160_board___\n160_210_dragonAttackBb.hpp">
      <Filter>header\n160_board___</Filter>
    </ClInclude>
    <ClInclude Include="header\n160_board___\n160_220_queenAttackBb.hpp">
      <Filter>header\n160_board___</Filter>
    </ClInclude>
    <ClInclude Include="header\n160_board___\n160_170_goldAndSilverAttackBb.hpp">
      <Filter>header\n160_board___</Filter>
    </ClInclude>
    <ClInclude Include="header\n160_board___\n160_180_knightAttackBb.hpp">
      <Filter>header\n160_board___</Filter>
    </ClInclude>
    <ClInclude Include="header\n160_board___\n160_190_pawnAttackBb.hpp">
      <Filter>header\n160_board___</Filter>
    </ClInclude>
    <ClInclude Include="header\n160_board___\n160_230_setMaskBb.hpp">
      <Filter>header\n160_board___</Filter>
    </ClInclude>
    <ClInclude Include="header\n160_board___\n160_160_kingAttackBb.hpp">
      <Filter>header\n160_board___</Filter>
    </ClInclude>
    <ClInclude Include="header\n160_board___\n160_110_silverAttackBb.hpp">
      <Filter>header\n160_board___</Filter>
    </ClInclude>
    <ClInclude Include="header\n160_board___\n160_120_bishopAttackBb.hpp">
      <Filter>header\n160_board___</Filter>
    </ClInclude>
    <ClInclude Include="header\n160_board___\n160_130_lanceAttackBb.hpp">
      <Filter>header\n160_board___</Filter>
    </ClInclude>
    <ClInclude Include="header\n160_board___\n160_140_goldAttackBb.hpp">
      <Filter>header\n160_board___</Filter>
    </ClInclude>
    <ClInclude Include="header\n160_board___\n160_150_rookAttackBb.hpp">
      <Filter>header\n160_board___</Filter>
    </ClInclude>
    <ClInclude Include="header\n160_board___\n160_102_fileMaskBb.hpp">
      <Filter>header\n160_board___</Filter>
    </ClInclude>
    <ClInclude Include="header\n160_board___\n160_104_rankMaskBb.hpp">
      <Filter>header\n160_board___</Filter>
    </ClInclude>
    <ClInclude Include="header\n160_board___\n160_106_inFrontMaskBb.hpp">
      <Filter>header\n160_board___</Filter>
    </ClInclude>
    <ClInclude Include="header\n160_board___\n160_108_slideBits.hpp">
      <Filter>header\n160_board___</Filter>
    </ClInclude>
    <ClInclude Include="header\n110_square__\n110_400_squareRelation.hpp">
      <Filter>header\n110_square__</Filter>
    </ClInclude>
    <ClInclude Include="header\n220_position\n220_400_evalList.hpp">
      <Filter>header\n220_position</Filter>
    </ClInclude>
    <ClInclude Include="header\n119_score___\n119_500_EvalSum.hpp">
      <Filter>header\n119_score___</Filter>
    </ClInclude>
    <ClInclude Include="header\n223_move____\n223_040_nodeType.hpp">
      <Filter>header\n223_move____</Filter>
    </ClInclude>
    <ClInclude Include="header\n223_move____\n223_060_stats.hpp">
      <Filter>header\n223_move____</Filter>
    </ClInclude>
    <ClInclude Include="header\n113_piece___\n113_500_hand.hpp">
      <Filter>header\n113_piece___</Filter>
    </ClInclude>
    <ClInclude Include="header\n220_position\n220_750_charToPieceUSI.hpp">
      <Filter>header\n220_position</Filter>
    </ClInclude>
    <ClInclude Include="header\n220_position\n220_650_position.hpp">
      <Filter>header\n220_position</Filter>
    </ClInclude>
    <ClInclude Include="header\n112_pieceTyp\n112_050_pieceType.hpp">
      <Filter>header\n112_pieceTyp</Filter>
    </ClInclude>
    <ClInclude Include="header\n220_position\n220_640_utilAttack.hpp">
      <Filter>header\n220_position</Filter>
    </ClInclude>
    <ClInclude Include="header\n165_movStack\n165_500_moveStack.hpp">
      <Filter>header\n165_movStack</Filter>
    </ClInclude>
    <ClInclude Include="header\n165_movStack\n165_400_move.hpp">
      <Filter>header\n165_movStack</Filter>
    </ClInclude>
    <ClInclude Include="header\n165_movStack\n165_300_moveType.hpp">
      <Filter>header\n165_movStack</Filter>
    </ClInclude>
    <ClInclude Include="header\n165_movStack\n165_310_promoteMode.hpp">
      <Filter>header\n165_movStack</Filter>
    </ClInclude>
    <ClInclude Include="header\n220_position\n220_660_utilMovePos.hpp">
      <Filter>header\n220_position</Filter>
    </ClInclude>
    <ClInclude Include="header\n225_movPhase\n225_050_generateMovePhase.hpp">
      <Filter>header\n225_movPhase</Filter>
    </ClInclude>
    <ClInclude Include="header\n220_position\n220_665_utilMoveStack.hpp">
      <Filter>header\n220_position</Filter>
    </ClInclude>
    <ClInclude Include="header\n800_learn___\n800_500_learner.hpp">
      <Filter>header\n800_learn___</Filter>
    </ClInclude>
    <ClInclude Include="header\n720_usi_____\n720_260_usiOperation.hpp">
      <Filter>header\n720_usi_____</Filter>
    </ClInclude>
    <ClInclude Include="header\n720_usi_____\n720_300_benchmark.hpp">
      <Filter>header\n720_usi_____</Filter>
    </ClInclude>
    <ClInclude Include="header\n680_egOption\n680_230_engineOptionable.hpp">
      <Filter>header\n680_egOption</Filter>
    </ClInclude>
    <ClInclude Include="header\n680_egOption\n680_240_engineOptionsMap.hpp">
      <Filter>header\n680_egOption</Filter>
    </ClInclude>
    <ClInclude Include="header\n680_egOption\n680_245_engineOption.hpp">
      <Filter>header\n680_egOption</Filter>
    </ClInclude>
    <ClInclude Include="header\n680_egOption\n680_300_engineOptionSetup.hpp">
      <Filter>header\n680_egOption</Filter>
    </ClInclude>
    <ClInclude Include="header\n640_searcher\n640_128_signalsType.hpp">
      <Filter>header\n640_searcher</Filter>
    </ClInclude>
    <ClInclude Include="header\n640_searcher\n640_131_inaniwaFlag.hpp">
      <Filter>header\n640_searcher</Filter>
    </ClInclude>
    <ClInclude Include="header\n640_searcher\n640_134_bishopInDangerFlag.hpp">
      <Filter>header\n640_searcher</Filter>
    </ClInclude>
    <ClInclude Include="header\n640_searcher\n640_500_reductions.hpp">
      <Filter>header\n640_searcher</Filter>
    </ClInclude>
    <ClInclude Include="header\n640_searcher\n640_510_futilityMargins.hpp">
      <Filter>header\n640_searcher</Filter>
    </ClInclude>
    <ClInclude Include="header\n640_searcher\n640_520_futilityMoveCounts.hpp">
      <Filter>header\n640_searcher</Filter>
    </ClInclude>
    <ClInclude Include="header\n600_book____\n600_100_mt64bit.hpp">
      <Filter>header\n600_book____</Filter>
    </ClInclude>
    <ClInclude Include="header\n600_book____\n600_400_bookEntry.hpp">
      <Filter>header\n600_book____</Filter>
    </ClInclude>
    <ClInclude Include="header\n600_book____\n600_500_book.hpp">
      <Filter>header\n600_book____</Filter>
    </ClInclude>
    <ClInclude Include="header\n560_timeMng_\n560_500_timeManager.hpp">
      <Filter>header\n560_timeMng_</Filter>
    </ClInclude>
    <ClInclude Include="header\n520_evaluate\n520_100_evaluateEnum.hpp">
      <Filter>header\n520_evaluate</Filter>
    </ClInclude>
    <ClInclude Include="header\n520_evaluate\n520_150_kppIndexArray.hpp">
      <Filter>header\n520_evaluate</Filter>
    </ClInclude>
    <ClInclude Include="header\n520_evaluate\n520_300_KPPBoardIndexStartToPiece.hpp">
      <Filter>header\n520_evaluate</Filter>
    </ClInclude>
    <ClInclude Include="header\n520_evaluate\n520_400_KkKkpKppStorageBase.hpp">
      <Filter>header\n520_evaluate</Filter>
    </ClInclude>
    <ClInclude Include="header\n520_evaluate\n520_490_KppCacheIo.hpp">
      <Filter>header\n520_evaluate</Filter>
    </ClInclude>
    <ClInclude Include="header\n520_evaluate\n520_500_kkKkpKppStorage1.hpp">
      <Filter>header\n520_evaluate</Filter>
    </ClInclude>
    <ClInclude Include="header\n520_evaluate\n520_700_evaluation09.hpp">
      <Filter>header\n520_evaluate</Filter>
    </ClInclude>
    <ClInclude Include="header\n480_tt______\n480_280_tTEntry.hpp">
      <Filter>header\n480_tt______</Filter>
    </ClInclude>
    <ClInclude Include="header\n480_tt______\n480_285_tTCluster.hpp">
      <Filter>header\n480_tt______</Filter>
    </ClInclude>
    <ClInclude Include="header\n480_tt______\n480_300_tt.hpp">
      <Filter>header\n480_tt______</Filter>
    </ClInclude>
    <ClInclude Include="header\n640_searcher\n640_450_rootMove.hpp">
      <Filter>header\n640_searcher</Filter>
    </ClInclude>
    <ClInclude Include="header\n450_movPhase\n450_070_movePhaseAbstract.hpp">
      <Filter>header\n450_movPhase</Filter>
    </ClInclude>
    <ClInclude Include="header\n450_movPhase\n450_100_mainSearch.hpp">
      <Filter>header\n450_movPhase</Filter>
    </ClInclude>
    <ClInclude Include="header\n450_movPhase\n450_110_phTacticalMoves0.hpp">
      <Filter>header\n450_movPhase</Filter>
    </ClInclude>
    <ClInclude Include="header\n450_movPhase\n450_120_phKillers.hpp">
      <Filter>header\n450_movPhase</Filter>
    </ClInclude>
    <ClInclude Include="header\n450_movPhase\n450_130_phNonTacticalMoves0.hpp">
      <Filter>header\n450_movPhase</Filter>
    </ClInclude>
    <ClInclude Include="header\n450_movPhase\n450_140_phNonTacticalMoves1.hpp">
      <Filter>header\n450_movPhase</Filter>
    </ClInclude>
    <ClInclude Include="header\n450_movPhase\n450_150_phBadCaptures.hpp">
      <Filter>header\n450_movPhase</Filter>
    </ClInclude>
    <ClInclude Include="header\n450_movPhase\n450_160_evasionSearch.hpp">
      <Filter>header\n450_movPhase</Filter>
    </ClInclude>
    <ClInclude Include="header\n450_movPhase\n450_170_phEvasions.hpp">
      <Filter>header\n450_movPhase</Filter>
    </ClInclude>
    <ClInclude Include="header\n450_movPhase\n450_180_qSearch.hpp">
      <Filter>header\n450_movPhase</Filter>
    </ClInclude>
    <ClInclude Include="header\n450_movPhase\n450_190_phQCaptures0.hpp">
      <Filter>header\n450_movPhase</Filter>
    </ClInclude>
    <ClInclude Include="header\n450_movPhase\n450_200_qEvasionSearch.hpp">
      <Filter>header\n450_movPhase</Filter>
    </ClInclude>
    <ClInclude Include="header\n450_movPhase\n450_210_phQEvasions.hpp">
      <Filter>header\n450_movPhase</Filter>
    </ClInclude>
    <ClInclude Include="header\n450_movPhase\n450_220_probCut.hpp">
      <Filter>header\n450_movPhase</Filter>
    </ClInclude>
    <ClInclude Include="header\n450_movPhase\n450_230_phTacticalMoves1.hpp">
      <Filter>header\n450_movPhase</Filter>
    </ClInclude>
    <ClInclude Include="header\n450_movPhase\n450_240_qRecapture.hpp">
      <Filter>header\n450_movPhase</Filter>
    </ClInclude>
    <ClInclude Include="header\n450_movPhase\n450_250_phQCaptures1.hpp">
      <Filter>header\n450_movPhase</Filter>
    </ClInclude>
    <ClInclude Include="header\n450_movPhase\n450_260_phStop.hpp">
      <Filter>header\n450_movPhase</Filter>
    </ClInclude>
    <ClInclude Include="header\n450_movPhase\n450_270_movePhaseNum.hpp">
      <Filter>header\n450_movPhase</Filter>
    </ClInclude>
    <ClInclude Include="header\n450_movPhase\n450_500_movePhaseArray.hpp">
      <Filter>header\n450_movPhase</Filter>
    </ClInclude>
    <ClInclude Include="header\n350_pieceTyp\n350_070_ptAbstract.hpp">
      <Filter>header\n350_pieceTyp</Filter>
    </ClInclude>
    <ClInclude Include="header\n350_pieceTyp\n350_080_ptPromote.hpp">
      <Filter>header\n350_pieceTyp</Filter>
    </ClInclude>
    <ClInclude Include="header\n350_pieceTyp\n350_100_ptOccupied.hpp">
      <Filter>header\n350_pieceTyp</Filter>
    </ClInclude>
    <ClInclude Include="header\n350_pieceTyp\n350_110_ptPawn.hpp">
      <Filter>header\n350_pieceTyp</Filter>
    </ClInclude>
    <ClInclude Include="header\n350_pieceTyp\n350_120_ptLance.hpp">
      <Filter>header\n350_pieceTyp</Filter>
    </ClInclude>
    <ClInclude Include="header\n350_pieceTyp\n350_130_ptKnight.hpp">
      <Filter>header\n350_pieceTyp</Filter>
    </ClInclude>
    <ClInclude Include="header\n350_pieceTyp\n350_140_ptSilver.hpp">
      <Filter>header\n350_pieceTyp</Filter>
    </ClInclude>
    <ClInclude Include="header\n350_pieceTyp\n350_150_ptBishop.hpp">
      <Filter>header\n350_pieceTyp</Filter>
    </ClInclude>
    <ClInclude Include="header\n350_pieceTyp\n350_160_ptRook.hpp">
      <Filter>header\n350_pieceTyp</Filter>
    </ClInclude>
    <ClInclude Include="header\n350_pieceTyp\n350_170_ptGold.hpp">
      <Filter>header\n350_pieceTyp</Filter>
    </ClInclude>
    <ClInclude Include="header\n350_pieceTyp\n350_180_ptKing.hpp">
      <Filter>header\n350_pieceTyp</Filter>
    </ClInclude>
    <ClInclude Include="header\n350_pieceTyp\n350_190_ptProPawn.hpp">
      <Filter>header\n350_pieceTyp</Filter>
    </ClInclude>
    <ClInclude Include="header\n350_pieceTyp\n350_200_ptProLance.hpp">
      <Filter>header\n350_pieceTyp</Filter>
    </ClInclude>
    <ClInclude Include="header\n350_pieceTyp\n350_210_ptProKnight.hpp">
      <Filter>header\n350_pieceTyp</Filter>
    </ClInclude>
    <ClInclude Include="header\n350_pieceTyp\n350_220_ptProSilver.hpp">
      <Filter>header\n350_pieceTyp</Filter>
    </ClInclude>
    <ClInclude Include="header\n350_pieceTyp\n350_230_ptHorse.hpp">
      <Filter>header\n350_pieceTyp</Filter>
    </ClInclude>
    <ClInclude Include="header\n350_pieceTyp\n350_240_ptDragon.hpp">
      <Filter>header\n350_pieceTyp</Filter>
    </ClInclude>
    <ClInclude Include="header\n350_pieceTyp\n350_250_ptPieceTypeNum.hpp">
      <Filter>header\n350_pieceTyp</Filter>
    </ClInclude>
    <ClInclude Include="header\n350_pieceTyp\n350_260_ptGoldHorseDragon.hpp">
      <Filter>header\n350_pieceTyp</Filter>
    </ClInclude>
    <ClInclude Include="header\n440_movStack\n440_400_hasPositiveScore.hpp">
      <Filter>header\n440_movStack</Filter>
    </ClInclude>
    <ClInclude Include="header\n358_dropMake\n358_070_dropMakerAbstract.hpp">
      <Filter>header\n358_dropMake</Filter>
    </ClInclude>
    <ClInclude Include="header\n358_dropMake\n358_100_dropMakerHand0.hpp">
      <Filter>header\n358_dropMake</Filter>
    </ClInclude>
    <ClInclude Include="header\n358_dropMake\n358_110_dropMakerHand1.hpp">
      <Filter>header\n358_dropMake</Filter>
    </ClInclude>
    <ClInclude Include="header\n358_dropMake\n358_120_dropMakerHand2.hpp">
      <Filter>header\n358_dropMake</Filter>
    </ClInclude>
    <ClInclude Include="header\n358_dropMake\n358_130_dropMakerHand3.hpp">
      <Filter>header\n358_dropMake</Filter>
    </ClInclude>
    <ClInclude Include="header\n358_dropMake\n358_140_dropMakerHand4.hpp">
      <Filter>header\n358_dropMake</Filter>
    </ClInclude>
    <ClInclude Include="header\n358_dropMake\n358_150_dropMakerHand5.hpp">
      <Filter>header\n358_dropMake</Filter>
    </ClInclude>
    <ClInclude Include="header\n358_dropMake\n358_160_dropMakerHand6.hpp">
      <Filter>header\n358_dropMake</Filter>
    </ClInclude>
    <ClInclude Include="header\n358_dropMake\n358_500_dropMakerArray.hpp">
      <Filter>header\n358_dropMake</Filter>
    </ClInclude>
    <ClInclude Include="header\n162_bonaDir_\n162_070_bonaDirAbstract.hpp">
      <Filter>header\n162_bonaDir_</Filter>
    </ClInclude>
    <ClInclude Include="header\n163_sqDistan\n163_600_utilSquareDistance.hpp">
      <Filter>header\n163_sqDistan</Filter>
    </ClInclude>
    <ClInclude Include="header\n161_sqDistan\n161_500_squareDistance.hpp">
      <Filter>header\n161_sqDistan</Filter>
    </ClInclude>
    <ClInclude Include="header\n351_bonaDir_\n351_140_direcDiagNESW.hpp">
      <Filter>header\n351_bonaDir_</Filter>
    </ClInclude>
    <ClInclude Include="header\n351_bonaDir_\n351_090_nullBonaDir.hpp">
      <Filter>header\n351_bonaDir_</Filter>
    </ClInclude>
    <ClInclude Include="header\n351_bonaDir_\n351_100_direcMisc.hpp">
      <Filter>header\n351_bonaDir_</Filter>
    </ClInclude>
    <ClInclude Include="header\n351_bonaDir_\n351_120_direcFile.hpp">
      <Filter>header\n351_bonaDir_</Filter>
    </ClInclude>
    <ClInclude Include="header\n351_bonaDir_\n351_130_direcRank.hpp">
      <Filter>header\n351_bonaDir_</Filter>
    </ClInclude>
    <ClInclude Include="header\n351_bonaDir_\n351_150_direcDiagNWSE.hpp">
      <Filter>header\n351_bonaDir_</Filter>
    </ClInclude>
    <ClInclude Include="header\n351_bonaDir_\n351_500_bonaDirArray.hpp">
      <Filter>header\n351_bonaDir_</Filter>
    </ClInclude>
    <ClInclude Include="header\n374_genMove_\n374_750_dropMoveGenerator.hpp">
      <Filter>header\n374_genMove_</Filter>
    </ClInclude>
    <ClInclude Include="header\n374_genMove_\n374_350_PieceMovesGenerator.hpp">
      <Filter>header\n374_genMove_</Filter>
    </ClInclude>
    <ClInclude Include="header\n374_genMove_\n374_250_bishopRookMovesGenerator.hpp">
      <Filter>header\n374_genMove_</Filter>
    </ClInclude>
    <ClInclude Include="header\n372_piece___\n372_070_pieceAbstract.hpp">
      <Filter>header\n372_piece___</Filter>
    </ClInclude>
    <ClInclude Include="header\n372_piece___\n372_080_pieceNull.hpp">
      <Filter>header\n372_piece___</Filter>
    </ClInclude>
    <ClInclude Include="header\n372_piece___\n372_100_pieceEmpty.hpp">
      <Filter>header\n372_piece___</Filter>
    </ClInclude>
    <ClInclude Include="header\n372_piece___\n372_110_pieceBPawn.hpp">
      <Filter>header\n372_piece___</Filter>
    </ClInclude>
    <ClInclude Include="header\n372_piece___\n372_120_pieceBLance.hpp">
      <Filter>header\n372_piece___</Filter>
    </ClInclude>
    <ClInclude Include="header\n372_piece___\n372_130_pieceBKnight.hpp">
      <Filter>header\n372_piece___</Filter>
    </ClInclude>
    <ClInclude Include="header\n372_piece___\n372_140_pieceBSilver.hpp">
      <Filter>header\n372_piece___</Filter>
    </ClInclude>
    <ClInclude Include="header\n372_piece___\n372_150_pieceBBishop.hpp">
      <Filter>header\n372_piece___</Filter>
    </ClInclude>
    <ClInclude Include="header\n372_piece___\n372_160_pieceBRook.hpp">
      <Filter>header\n372_piece___</Filter>
    </ClInclude>
    <ClInclude Include="header\n372_piece___\n372_170_pieceBGold.hpp">
      <Filter>header\n372_piece___</Filter>
    </ClInclude>
    <ClInclude Include="header\n372_piece___\n372_180_pieceBKing.hpp">
      <Filter>header\n372_piece___</Filter>
    </ClInclude>
    <ClInclude Include="header\n372_piece___\n372_190_pieceBProPawn.hpp">
      <Filter>header\n372_piece___</Filter>
    </ClInclude>
    <ClInclude Include="header\n372_piece___\n372_200_pieceBProLance.hpp">
      <Filter>header\n372_piece___</Filter>
    </ClInclude>
    <ClInclude Include="header\n372_piece___\n372_210_pieceBProKnight.hpp">
      <Filter>header\n372_piece___</Filter>
    </ClInclude>
    <ClInclude Include="header\n372_piece___\n372_220_pieceBProSilver.hpp">
      <Filter>header\n372_piece___</Filter>
    </ClInclude>
    <ClInclude Include="header\n372_piece___\n372_230_pieceBHorse.hpp">
      <Filter>header\n372_piece___</Filter>
    </ClInclude>
    <ClInclude Include="header\n372_piece___\n372_240_pieceBDragon.hpp">
      <Filter>header\n372_piece___</Filter>
    </ClInclude>
    <ClInclude Include="header\n372_piece___\n372_270_pieceWPawn.hpp">
      <Filter>header\n372_piece___</Filter>
    </ClInclude>
    <ClInclude Include="header\n372_piece___\n372_280_pieceWLance.hpp">
      <Filter>header\n372_piece___</Filter>
    </ClInclude>
    <ClInclude Include="header\n372_piece___\n372_290_pieceWKnight.hpp">
      <Filter>header\n372_piece___</Filter>
    </ClInclude>
    <ClInclude Include="header\n372_piece___\n372_300_pieceWSilver.hpp">
      <Filter>header\n372_piece___</Filter>
    </ClInclude>
    <ClInclude Include="header\n372_piece___\n372_310_pieceWBishop.hpp">
      <Filter>header\n372_piece___</Filter>
    </ClInclude>
    <ClInclude Include="header\n372_piece___\n372_320_pieceWRook.hpp">
      <Filter>header\n372_piece___</Filter>
    </ClInclude>
    <ClInclude Include="header\n372_piece___\n372_330_pieceWGold.hpp">
      <Filter>header\n372_piece___</Filter>
    </ClInclude>
    <ClInclude Include="header\n372_piece___\n372_340_pieceWKing.hpp">
      <Filter>header\n372_piece___</Filter>
    </ClInclude>
    <ClInclude Include="header\n372_piece___\n372_350_pieceWProPawn.hpp">
      <Filter>header\n372_piece___</Filter>
    </ClInclude>
    <ClInclude Include="header\n372_piece___\n372_360_pieceWProLance.hpp">
      <Filter>header\n372_piece___</Filter>
    </ClInclude>
    <ClInclude Include="header\n372_piece___\n372_370_pieceWProKnight.hpp">
      <Filter>header\n372_piece___</Filter>
    </ClInclude>
    <ClInclude Include="header\n372_piece___\n372_380_pieceWProSilver.hpp">
      <Filter>header\n372_piece___</Filter>
    </ClInclude>
    <ClInclude Include="header\n372_piece___\n372_390_pieceWHorse.hpp">
      <Filter>header\n372_piece___</Filter>
    </ClInclude>
    <ClInclude Include="header\n372_piece___\n372_400_pieceWDragon.hpp">
      <Filter>header\n372_piece___</Filter>
    </ClInclude>
    <ClInclude Include="header\n372_piece___\n372_410_pieceNone.hpp">
      <Filter>header\n372_piece___</Filter>
    </ClInclude>
    <ClInclude Include="header\n372_piece___\n372_500_pieceArray.hpp">
      <Filter>header\n372_piece___</Filter>
    </ClInclude>
    <ClInclude Include="header\n407_moveGen_\n407_800_moveGenerator200.hpp">
      <Filter>header\n407_moveGen_</Filter>
    </ClInclude>
    <ClInclude Include="header\n407_moveGen_\n407_900_moveList.hpp">
      <Filter>header\n407_moveGen_</Filter>
    </ClInclude>
    <ClInclude Include="header\n405_moveType\n405_070_mtAbstract.hpp">
      <Filter>header\n405_moveType</Filter>
    </ClInclude>
    <ClInclude Include="header\n405_moveType\n405_100_mtCapture.hpp">
      <Filter>header\n405_moveType</Filter>
    </ClInclude>
    <ClInclude Include="header\n405_moveType\n405_110_mtNonCapture.hpp">
      <Filter>header\n405_moveType</Filter>
    </ClInclude>
    <ClInclude Include="header\n405_moveType\n405_120_mtDrop.hpp">
      <Filter>header\n405_moveType</Filter>
    </ClInclude>
    <ClInclude Include="header\n405_moveType\n405_130_mtCapturePlusPro.hpp">
      <Filter>header\n405_moveType</Filter>
    </ClInclude>
    <ClInclude Include="header\n405_moveType\n405_140_mtNonCaptureMinusPro.hpp">
      <Filter>header\n405_moveType</Filter>
    </ClInclude>
    <ClInclude Include="header\n405_moveType\n405_150_mtRecapture.hpp">
      <Filter>header\n405_moveType</Filter>
    </ClInclude>
    <ClInclude Include="header\n405_moveType\n405_160_mtEvasion.hpp">
      <Filter>header\n405_moveType</Filter>
    </ClInclude>
    <ClInclude Include="header\n405_moveType\n405_170_mtNonEvasion.hpp">
      <Filter>header\n405_moveType</Filter>
    </ClInclude>
    <ClInclude Include="header\n405_moveType\n405_180_mtLegal.hpp">
      <Filter>header\n405_moveType</Filter>
    </ClInclude>
    <ClInclude Include="header\n405_moveType\n405_190_mtLegalAll.hpp">
      <Filter>header\n405_moveType</Filter>
    </ClInclude>
    <ClInclude Include="header\n405_moveType\n405_200_mtMoveTypeNone.hpp">
      <Filter>header\n405_moveType</Filter>
    </ClInclude>
    <ClInclude Include="header\n405_moveType\n405_500_mtArray.hpp">
      <Filter>header\n405_moveType</Filter>
    </ClInclude>
    <ClInclude Include="header\n886_repeType\n886_070_rtAbstract.hpp">
      <Filter>header\n886_repeType</Filter>
    </ClInclude>
    <ClInclude Include="header\n886_repeType\n886_100_rtNot.hpp">
      <Filter>header\n886_repeType</Filter>
    </ClInclude>
    <ClInclude Include="header\n886_repeType\n886_110_rtDraw.hpp">
      <Filter>header\n886_repeType</Filter>
    </ClInclude>
    <ClInclude Include="header\n886_repeType\n886_120_rtWin.hpp">
      <Filter>header\n886_repeType</Filter>
    </ClInclude>
    <ClInclude Include="header\n886_repeType\n886_130_rtLose.hpp">
      <Filter>header\n886_repeType</Filter>
    </ClInclude>
    <ClInclude Include="header\n886_repeType\n886_140_rtSuperior.hpp">
      <Filter>header\n886_repeType</Filter>
    </ClInclude>
    <ClInclude Include="header\n886_repeType\n886_150_rtInferior.hpp">
      <Filter>header\n886_repeType</Filter>
    </ClInclude>
    <ClInclude Include="header\n886_repeType\n886_500_rtArray.hpp">
      <Filter>header\n886_repeType</Filter>
    </ClInclude>
    <ClInclude Include="header\n358_dropMake\n358_040_dropMakerEvent.hpp">
      <Filter>header\n358_dropMake</Filter>
    </ClInclude>
    <ClInclude Include="header\n374_genMove_\n374_040_pieceMoveEvent.hpp">
      <Filter>header\n374_genMove_</Filter>
    </ClInclude>
    <ClInclude Include="header\n440_movStack\n440_500_nextmoveEvent.hpp">
      <Filter>header\n440_movStack</Filter>
    </ClInclude>
    <ClInclude Include="header\n640_searcher\n640_440_splitedNode.hpp">
      <Filter>header\n640_searcher</Filter>
    </ClInclude>
    <ClInclude Include="header\n560_timeMng_\n560_100_limitsOfThinking.hpp">
      <Filter>header\n560_timeMng_</Filter>
    </ClInclude>
    <ClInclude Include="header\n800_learn___\n800_100_stopwatch.hpp">
      <Filter>header\n800_learn___</Filter>
    </ClInclude>
    <ClInclude Include="header\n223_move____\n223_500_flashlight.hpp">
      <Filter>header\n223_move____</Filter>
    </ClInclude>
    <ClInclude Include="header\n760_thread__\n760_350_warrior.hpp">
      <Filter>header\n760_thread__</Filter>
    </ClInclude>
    <ClInclude Include="header\n760_thread__\n760_400_herosPub.hpp">
      <Filter>header\n760_thread__</Filter>
    </ClInclude>
    <ClInclude Include="header\n760_thread__\n760_300_captain.hpp">
      <Filter>header\n760_thread__</Filter>
    </ClInclude>
    <ClInclude Include="header\n760_thread__\n760_250_military.hpp">
      <Filter>header\n760_thread__</Filter>
    </ClInclude>
    <ClInclude Include="header\n885_searcher\n885_600_iterativeDeepeningLoop.hpp">
      <Filter>header\n885_searcher</Filter>
    </ClInclude>
    <ClInclude Include="header\n885_searcher\n885_580_skill.hpp">
      <Filter>header\n885_searcher</Filter>
    </ClInclude>
    <ClInclude Include="header\n165_movStack\n165_600_convMove.hpp">
      <Filter>header\n165_movStack</Filter>
    </ClInclude>
    <ClInclude Include="header\n113_piece___\n113_105_convPieceType.hpp">
      <Filter>header\n113_piece___</Filter>
    </ClInclude>
    <ClInclude Include="header\n110_square__\n110_155_convFile.hpp">
      <Filter>header\n110_square__</Filter>
    </ClInclude>
    <ClInclude Include="header\n110_square__\n110_205_convRank.hpp">
      <Filter>header\n110_square__</Filter>
    </ClInclude>
    <ClInclude Include="header\n110_square__\n110_500_convSquare.hpp">
      <Filter>header\n110_square__</Filter>
    </ClInclude>
    <ClInclude Include="header\n113_piece___\n113_205_convHandPiece.hpp">
      <Filter>header\n113_piece___</Filter>
    </ClInclude>
    <ClInclude Include="header\n113_piece___\n113_155_convPiece.hpp">
      <Filter>header\n113_piece___</Filter>
    </ClInclude>
    <ClInclude Include="header\n119_score___\n119_090_scoreIndex.hpp">
      <Filter>header\n119_score___</Filter>
    </ClInclude>
    <ClInclude Include="header\n223_move____\n223_300_moveAndScoreIndex.hpp">
      <Filter>header\n223_move____</Filter>
    </ClInclude>
    <ClInclude Include="header\n350_pieceTyp\n350_040_ptEvent.hpp">
      <Filter>header\n350_pieceTyp</Filter>
    </ClInclude>
    <ClInclude Include="header\n350_pieceTyp\n350_045_pieceTypeSeeEvent.hpp">
      <Filter>header\n350_pieceTyp</Filter>
    </ClInclude>
    <ClInclude Include="header\n105_color___\n105_500_convColor.hpp">
      <Filter>header\n105_color___</Filter>
    </ClInclude>
    <ClInclude Include="header\n350_pieceTyp\n350_500_ptPrograms.hpp">
      <Filter>header\n350_pieceTyp</Filter>
    </ClInclude>
    <ClInclude Include="header\n887_nodeType\n887_500_nodetypePrograms.hpp">
      <Filter>header\n887_nodeType</Filter>
    </ClInclude>
    <ClInclude Include="header\n887_nodeType\n887_100_nodetypeRoot.hpp">
      <Filter>header\n887_nodeType</Filter>
    </ClInclude>
    <ClInclude Include="header\n887_nodeType\n887_110_nodetypePv.hpp">
      <Filter>header\n887_nodeType</Filter>
    </ClInclude>
    <ClInclude Include="header\n887_nodeType\n887_120_nodetypeNonPv.hpp">
      <Filter>header\n887_nodeType</Filter>
    </ClInclude>
    <ClInclude Include="header\n887_nodeType\n887_130_nodetypeSplitedNodeRoot.hpp">
      <Filter>header\n887_nodeType</Filter>
    </ClInclude>
    <ClInclude Include="header\n887_nodeType\n887_140_nodetypeSplitedNodePv.hpp">
      <Filter>header\n887_nodeType</Filter>
    </ClInclude>
    <ClInclude Include="header\n887_nodeType\n887_150_nodetypeSplitedNodeNonPv.hpp">
      <Filter>header\n887_nodeType</Filter>
    </ClInclude>
    <ClInclude Include="header\n883_nodeType\n883_070_nodetypeAbstract.hpp">
      <Filter>header\n883_nodeType</Filter>
    </ClInclude>
    <ClInclude Include="header\n885_searcher\n885_510_hitchhiker.hpp">
      <Filter>header\n885_searcher</Filter>
    </ClInclude>
    <ClInclude Include="header\n885_searcher\n885_040_rucksack.hpp">
      <Filter>header\n885_searcher</Filter>
    </ClInclude>
    <ClInclude Include="header\n885_searcher\n885_480_hitchhikerNyugyoku.hpp">
      <Filter>header\n885_searcher</Filter>
    </ClInclude>
    <ClInclude Include="header\n885_searcher\n885_310_hitchhikerQsearchAbstract.hpp">
      <Filter>header\n885_searcher</Filter>
    </ClInclude>
    <ClInclude Include="header\n885_searcher\n885_320_hitchhikerQsearchPv.hpp">
      <Filter>header\n885_searcher</Filter>
    </ClInclude>
    <ClInclude Include="header\n885_searcher\n885_330_hitchhikerQsearchNonPv.hpp">
      <Filter>header\n885_searcher</Filter>
    </ClInclude>
    <ClInclude Include="header\n885_searcher\n885_340_hitchhikerQsearchPrograms.hpp">
      <Filter>header\n885_searcher</Filter>
    </ClInclude>
    <ClInclude Include="header\n755_sword___\n755_070_SwordAbstract.hpp">
      <Filter>header\n755_sword___</Filter>
    </ClInclude>
    <ClInclude Include="header\n755_sword___\n755_100_SwordRoot.hpp">
      <Filter>header\n755_sword___</Filter>
    </ClInclude>
    <ClInclude Include="header\n755_sword___\n755_110_SwordPv.hpp">
      <Filter>header\n755_sword___</Filter>
    </ClInclude>
    <ClInclude Include="header\n755_sword___\n755_120_SwordNonPv.hpp">
      <Filter>header\n755_sword___</Filter>
    </ClInclude>
    <ClInclude Include="header\n350_pieceTyp\n350_030_makePromoteMove.hpp">
      <Filter>header\n350_pieceTyp</Filter>
    </ClInclude>
  </ItemGroup>
  <ItemGroup>
    <ClCompile Include="stdafx.cpp">
      <Filter>source</Filter>
    </ClCompile>
    <ClCompile Include="source\n160_board___\n160_100_bitboard.cpp">
      <Filter>source\n160_board___</Filter>
    </ClCompile>
    <ClCompile Include="source\n080_common__\n080_100_common.cpp">
      <Filter>source\n080_common</Filter>
    </ClCompile>
    <ClCompile Include="source\n080_common__\n080_200_utilProgram.cpp">
      <Filter>source\n080_common</Filter>
    </ClCompile>
    <ClCompile Include="source\n900_main____\n900_500_main.cpp">
      <Filter>source\n900_main____</Filter>
    </ClCompile>
    <ClCompile Include="source\n900_main____\n900_400_main.cpp">
      <Filter>source\n900_main____</Filter>
    </ClCompile>
    <ClCompile Include="source\n900_main____\n900_300_usiLoop.cpp">
      <Filter>source\n900_main____</Filter>
    </ClCompile>
    <ClCompile Include="source\n111_colorSq_\n111_500_ColorFileRank.cpp">
      <Filter>source\n111_colorSq_</Filter>
    </ClCompile>
    <ClCompile Include="source\n119_score___\n119_200_pieceScore.cpp">
      <Filter>source\n119_score___</Filter>
    </ClCompile>
    <ClCompile Include="source\n160_board___\n160_400_printBb.cpp">
      <Filter>source\n160_board___</Filter>
    </ClCompile>
    <ClCompile Include="source\n160_board___\n160_240_betweenBb.cpp">
      <Filter>source\n160_board___</Filter>
    </ClCompile>
    <ClCompile Include="source\n160_board___\n160_200_horseAttackBb.cpp">
      <Filter>source\n160_board___</Filter>
    </ClCompile>
    <ClCompile Include="source\n160_board___\n160_210_dragonAttackBb.cpp">
      <Filter>source\n160_board___</Filter>
    </ClCompile>
    <ClCompile Include="source\n160_board___\n160_220_queenAttackBb.cpp">
      <Filter>source\n160_board___</Filter>
    </ClCompile>
    <ClCompile Include="source\n160_board___\n160_170_goldAndSilverAttackBb.cpp">
      <Filter>source\n160_board___</Filter>
    </ClCompile>
    <ClCompile Include="source\n160_board___\n160_180_knightAttackBb.cpp">
      <Filter>source\n160_board___</Filter>
    </ClCompile>
    <ClCompile Include="source\n160_board___\n160_190_pawnAttackBb.cpp">
      <Filter>source\n160_board___</Filter>
    </ClCompile>
    <ClCompile Include="source\n160_board___\n160_230_setMaskBb.cpp">
      <Filter>source\n160_board___</Filter>
    </ClCompile>
    <ClCompile Include="source\n160_board___\n160_160_kingAttackBb.cpp">
      <Filter>source\n160_board___</Filter>
    </ClCompile>
    <ClCompile Include="source\n160_board___\n160_110_silverAttackBb.cpp">
      <Filter>source\n160_board___</Filter>
    </ClCompile>
    <ClCompile Include="source\n160_board___\n160_120_bishopAttackBb.cpp">
      <Filter>source\n160_board___</Filter>
    </ClCompile>
    <ClCompile Include="source\n160_board___\n160_130_lanceAttackBb.cpp">
      <Filter>source\n160_board___</Filter>
    </ClCompile>
    <ClCompile Include="source\n160_board___\n160_140_goldAttackBb.cpp">
      <Filter>source\n160_board___</Filter>
    </ClCompile>
    <ClCompile Include="source\n160_board___\n160_150_rookAttackBb.cpp">
      <Filter>source\n160_board___</Filter>
    </ClCompile>
    <ClCompile Include="source\n160_board___\n160_102_fileMaskBb.cpp">
      <Filter>source\n160_board___</Filter>
    </ClCompile>
    <ClCompile Include="source\n160_board___\n160_104_rankMaskBb.cpp">
      <Filter>source\n160_board___</Filter>
    </ClCompile>
    <ClCompile Include="source\n160_board___\n160_106_inFrontMaskBb.cpp">
      <Filter>source\n160_board___</Filter>
    </ClCompile>
    <ClCompile Include="source\n160_board___\n160_108_slideBits.cpp">
      <Filter>source\n160_board___</Filter>
    </ClCompile>
    <ClCompile Include="source\n220_position\n220_150_checkInfo.cpp">
      <Filter>source\n220_position</Filter>
    </ClCompile>
    <ClCompile Include="source\n110_square\n110_400_squareRelation.cpp">
      <Filter>source\n110_square___</Filter>
    </ClCompile>
    <ClCompile Include="source\n220_position\n220_400_evalList.cpp">
      <Filter>source\n220_position</Filter>
    </ClCompile>
    <ClCompile Include="source\n110_square\n110_150_file.cpp">
      <Filter>source\n110_square___</Filter>
    </ClCompile>
    <ClCompile Include="source\n110_square\n110_200_rank.cpp">
      <Filter>source\n110_square___</Filter>
    </ClCompile>
    <ClCompile Include="source\n113_piece___\n113_200_handPiece.cpp">
      <Filter>source\n113_piece___</Filter>
    </ClCompile>
    <ClCompile Include="source\n113_piece___\n113_500_hand.cpp">
      <Filter>source\n113_piece___</Filter>
    </ClCompile>
    <ClCompile Include="source\n220_position\n220_750_charToPieceUSI.cpp">
      <Filter>source\n220_position</Filter>
    </ClCompile>
    <ClCompile Include="source\n220_position\n220_650_position.cpp">
      <Filter>source\n220_position</Filter>
    </ClCompile>
    <ClCompile Include="source\n220_position\n220_640_utilAttack.cpp">
      <Filter>source\n220_position</Filter>
    </ClCompile>
    <ClCompile Include="source\n720_usi_____\n720_260_usiOperation.cpp">
      <Filter>source\n720_usi_____</Filter>
    </ClCompile>
    <ClCompile Include="source\n720_usi_____\n720_300_benchmark.cpp">
      <Filter>source\n720_usi_____</Filter>
    </ClCompile>
    <ClCompile Include="source\n680_egOption\n680_230_engineOptionable.cpp">
      <Filter>source\n680_egOption</Filter>
    </ClCompile>
    <ClCompile Include="source\n680_egOption\n680_240_engineOptionsMap.cpp">
      <Filter>source\n680_egOption</Filter>
    </ClCompile>
    <ClCompile Include="source\n680_egOption\n680_245_engineOption.cpp">
      <Filter>source\n680_egOption</Filter>
    </ClCompile>
    <ClCompile Include="source\n680_egOption\n680_300_engineOptionSetup.cpp">
      <Filter>source\n680_egOption</Filter>
    </ClCompile>
    <ClCompile Include="source\n640_searcher\n640_500_reductions.cpp">
      <Filter>source\n640_searcher</Filter>
    </ClCompile>
    <ClCompile Include="source\n640_searcher\n640_510_futilityMargins.cpp">
      <Filter>source\n640_searcher</Filter>
    </ClCompile>
    <ClCompile Include="source\n640_searcher\n640_520_futilityMoveCounts.cpp">
      <Filter>source\n640_searcher</Filter>
    </ClCompile>
    <ClCompile Include="source\n600_book____\n600_500_book.cpp">
      <Filter>source\n600_book____</Filter>
    </ClCompile>
    <ClCompile Include="source\n560_timeMng_\n560_500_timeManager.cpp">
      <Filter>source\n560_timeMng_</Filter>
    </ClCompile>
    <ClCompile Include="source\n520_evaluate\n520_100_evaluate.cpp">
      <Filter>source\n520_evaluate</Filter>
    </ClCompile>
    <ClCompile Include="source\n520_evaluate\n520_150_kppIndexArray.cpp">
      <Filter>source\n520_evaluate</Filter>
    </ClCompile>
    <ClCompile Include="source\n520_evaluate\n520_490_KppCacheIo.cpp">
      <Filter>source\n520_evaluate</Filter>
    </ClCompile>
    <ClCompile Include="source\n520_evaluate\n520_700_evaluation09.cpp">
      <Filter>source\n520_evaluate</Filter>
    </ClCompile>
    <ClCompile Include="source\n480_tt______\n480_280_tTEntry.cpp">
      <Filter>source\n480_tt______</Filter>
    </ClCompile>
    <ClCompile Include="source\n480_tt______\n480_300_tt.cpp">
      <Filter>source\n480_tt______</Filter>
    </ClCompile>
    <ClCompile Include="source\n600_book____\n600_100_mt64bit.cpp">
      <Filter>source\n600_book____</Filter>
    </ClCompile>
    <ClCompile Include="source\n450_movPhase\n450_070_movePhaseAbstract.cpp">
      <Filter>source\n450_movPhase</Filter>
    </ClCompile>
    <ClCompile Include="source\n450_movPhase\n450_100_mainSearch.cpp">
      <Filter>source\n450_movPhase</Filter>
    </ClCompile>
    <ClCompile Include="source\n450_movPhase\n450_110_phTacticalMoves0.cpp">
      <Filter>source\n450_movPhase</Filter>
    </ClCompile>
    <ClCompile Include="source\n450_movPhase\n450_120_phKillers.cpp">
      <Filter>source\n450_movPhase</Filter>
    </ClCompile>
    <ClCompile Include="source\n450_movPhase\n450_130_phNonTacticalMoves0.cpp">
      <Filter>source\n450_movPhase</Filter>
    </ClCompile>
    <ClCompile Include="source\n450_movPhase\n450_140_phNonTacticalMoves1.cpp">
      <Filter>source\n450_movPhase</Filter>
    </ClCompile>
    <ClCompile Include="source\n450_movPhase\n450_150_phBadCaptures.cpp">
      <Filter>source\n450_movPhase</Filter>
    </ClCompile>
    <ClCompile Include="source\n450_movPhase\n450_160_evasionSearch.cpp">
      <Filter>source\n450_movPhase</Filter>
    </ClCompile>
    <ClCompile Include="source\n450_movPhase\n450_170_phEvasions.cpp">
      <Filter>source\n450_movPhase</Filter>
    </ClCompile>
    <ClCompile Include="source\n450_movPhase\n450_180_qSearch.cpp">
      <Filter>source\n450_movPhase</Filter>
    </ClCompile>
    <ClCompile Include="source\n450_movPhase\n450_190_phQCaptures0.cpp">
      <Filter>source\n450_movPhase</Filter>
    </ClCompile>
    <ClCompile Include="source\n450_movPhase\n450_200_qEvasionSearch.cpp">
      <Filter>source\n450_movPhase</Filter>
    </ClCompile>
    <ClCompile Include="source\n450_movPhase\n450_210_phQEvasions.cpp">
      <Filter>source\n450_movPhase</Filter>
    </ClCompile>
    <ClCompile Include="source\n450_movPhase\n450_220_probCut.cpp">
      <Filter>source\n450_movPhase</Filter>
    </ClCompile>
    <ClCompile Include="source\n450_movPhase\n450_230_phTacticalMoves1.cpp">
      <Filter>source\n450_movPhase</Filter>
    </ClCompile>
    <ClCompile Include="source\n450_movPhase\n450_240_qRecapture.cpp">
      <Filter>source\n450_movPhase</Filter>
    </ClCompile>
    <ClCompile Include="source\n450_movPhase\n450_250_phQCaptures1.cpp">
      <Filter>source\n450_movPhase</Filter>
    </ClCompile>
    <ClCompile Include="source\n450_movPhase\n450_260_phStop.cpp">
      <Filter>source\n450_movPhase</Filter>
    </ClCompile>
    <ClCompile Include="source\n450_movPhase\n450_270_movePhaseNum.cpp">
      <Filter>source\n450_movPhase</Filter>
    </ClCompile>
    <ClCompile Include="source\n450_movPhase\n450_500_movePhaseArray.cpp">
      <Filter>source\n450_movPhase</Filter>
    </ClCompile>
    <ClCompile Include="source\n350_pieceTyp\n350_070_ptAbstract.cpp">
      <Filter>source\n350_pieceTyp</Filter>
    </ClCompile>
    <ClCompile Include="source\n350_pieceTyp\n350_080_ptPromote.cpp">
      <Filter>source\n350_pieceTyp</Filter>
    </ClCompile>
    <ClCompile Include="source\n350_pieceTyp\n350_100_ptOccupied.cpp">
      <Filter>source\n350_pieceTyp</Filter>
    </ClCompile>
    <ClCompile Include="source\n350_pieceTyp\n350_110_ptPawn.cpp">
      <Filter>source\n350_pieceTyp</Filter>
    </ClCompile>
    <ClCompile Include="source\n350_pieceTyp\n350_120_ptLance.cpp">
      <Filter>source\n350_pieceTyp</Filter>
    </ClCompile>
    <ClCompile Include="source\n350_pieceTyp\n350_130_ptKnight.cpp">
      <Filter>source\n350_pieceTyp</Filter>
    </ClCompile>
    <ClCompile Include="source\n350_pieceTyp\n350_140_ptSilver.cpp">
      <Filter>source\n350_pieceTyp</Filter>
    </ClCompile>
    <ClCompile Include="source\n350_pieceTyp\n350_150_ptBishop.cpp">
      <Filter>source\n350_pieceTyp</Filter>
    </ClCompile>
    <ClCompile Include="source\n350_pieceTyp\n350_160_ptRook.cpp">
      <Filter>source\n350_pieceTyp</Filter>
    </ClCompile>
    <ClCompile Include="source\n350_pieceTyp\n350_170_ptGold.cpp">
      <Filter>source\n350_pieceTyp</Filter>
    </ClCompile>
    <ClCompile Include="source\n350_pieceTyp\n350_180_ptKing.cpp">
      <Filter>source\n350_pieceTyp</Filter>
    </ClCompile>
    <ClCompile Include="source\n350_pieceTyp\n350_190_ptProPawn.cpp">
      <Filter>source\n350_pieceTyp</Filter>
    </ClCompile>
    <ClCompile Include="source\n350_pieceTyp\n350_200_ptProLance.cpp">
      <Filter>source\n350_pieceTyp</Filter>
    </ClCompile>
    <ClCompile Include="source\n350_pieceTyp\n350_210_ptProKnight.cpp">
      <Filter>source\n350_pieceTyp</Filter>
    </ClCompile>
    <ClCompile Include="source\n350_pieceTyp\n350_220_ptProSilver.cpp">
      <Filter>source\n350_pieceTyp</Filter>
    </ClCompile>
    <ClCompile Include="source\n350_pieceTyp\n350_230_ptHorse.cpp">
      <Filter>source\n350_pieceTyp</Filter>
    </ClCompile>
    <ClCompile Include="source\n350_pieceTyp\n350_240_ptDragon.cpp">
      <Filter>source\n350_pieceTyp</Filter>
    </ClCompile>
    <ClCompile Include="source\n350_pieceTyp\n350_250_ptPieceTypeNum.cpp">
      <Filter>source\n350_pieceTyp</Filter>
    </ClCompile>
    <ClCompile Include="source\n350_pieceTyp\n350_260_ptGoldHorseDragon.cpp">
      <Filter>source\n350_pieceTyp</Filter>
    </ClCompile>
    <ClCompile Include="source\n358_dropMake\n358_070_dropMakerAbstract.cpp">
      <Filter>source\n358_dropMake</Filter>
    </ClCompile>
    <ClCompile Include="source\n358_dropMake\n358_100_dropMakerHand0.cpp">
      <Filter>source\n358_dropMake</Filter>
    </ClCompile>
    <ClCompile Include="source\n358_dropMake\n358_110_dropMakerHand1.cpp">
      <Filter>source\n358_dropMake</Filter>
    </ClCompile>
    <ClCompile Include="source\n358_dropMake\n358_120_dropMakerHand2.cpp">
      <Filter>source\n358_dropMake</Filter>
    </ClCompile>
    <ClCompile Include="source\n358_dropMake\n358_130_dropMakerHand3.cpp">
      <Filter>source\n358_dropMake</Filter>
    </ClCompile>
    <ClCompile Include="source\n358_dropMake\n358_140_dropMakerHand4.cpp">
      <Filter>source\n358_dropMake</Filter>
    </ClCompile>
    <ClCompile Include="source\n358_dropMake\n358_150_dropMakerHand5.cpp">
      <Filter>source\n358_dropMake</Filter>
    </ClCompile>
    <ClCompile Include="source\n358_dropMake\n358_160_dropMakerHand6.cpp">
      <Filter>source\n358_dropMake</Filter>
    </ClCompile>
    <ClCompile Include="source\n358_dropMake\n358_500_dropMakerArray.cpp">
      <Filter>source\n358_dropMake</Filter>
    </ClCompile>
    <ClCompile Include="source\n162_bonaDir_\n162_070_bonaDirAbstract.cpp">
      <Filter>source\n162_bonaDir_</Filter>
    </ClCompile>
    <ClCompile Include="source\n163_sqDistan\n163_600_utilSquareDistance.cpp">
      <Filter>source\n163_sqDistan</Filter>
    </ClCompile>
    <ClCompile Include="source\n161_sqDistan\n161_500_squareDistance.cpp">
      <Filter>source\n161_sqDistan</Filter>
    </ClCompile>
    <ClCompile Include="source\n351_bonaDir_\n351_090_nullBonaDir.cpp">
      <Filter>source\n351_bonaDir_</Filter>
    </ClCompile>
    <ClCompile Include="source\n351_bonaDir_\n351_100_direcMisc.cpp">
      <Filter>source\n351_bonaDir_</Filter>
    </ClCompile>
    <ClCompile Include="source\n351_bonaDir_\n351_120_direcFile.cpp">
      <Filter>source\n351_bonaDir_</Filter>
    </ClCompile>
    <ClCompile Include="source\n351_bonaDir_\n351_130_direcRank.cpp">
      <Filter>source\n351_bonaDir_</Filter>
    </ClCompile>
    <ClCompile Include="source\n351_bonaDir_\n351_140_direcDiagNESW.cpp">
      <Filter>source\n351_bonaDir_</Filter>
    </ClCompile>
    <ClCompile Include="source\n351_bonaDir_\n351_150_direcDiagNWSE.cpp">
      <Filter>source\n351_bonaDir_</Filter>
    </ClCompile>
    <ClCompile Include="source\n351_bonaDir_\n351_500_bonaDirArray.cpp">
      <Filter>source\n351_bonaDir_</Filter>
    </ClCompile>
    <ClCompile Include="source\n374_genMove_\n374_750_dropMoveGenerator.cpp">
      <Filter>source\n374_genMove_</Filter>
    </ClCompile>
    <ClCompile Include="source\n372_piece___\n372_070_pieceAbstract.cpp">
      <Filter>source\n372_piece___</Filter>
    </ClCompile>
    <ClCompile Include="source\n372_piece___\n372_080_pieceNull.cpp">
      <Filter>source\n372_piece___</Filter>
    </ClCompile>
    <ClCompile Include="source\n372_piece___\n372_100_pieceEmpty.cpp">
      <Filter>source\n372_piece___</Filter>
    </ClCompile>
    <ClCompile Include="source\n372_piece___\n372_110_pieceBPawn.cpp">
      <Filter>source\n372_piece___</Filter>
    </ClCompile>
    <ClCompile Include="source\n372_piece___\n372_120_pieceBLance.cpp">
      <Filter>source\n372_piece___</Filter>
    </ClCompile>
    <ClCompile Include="source\n372_piece___\n372_130_pieceBKnight.cpp">
      <Filter>source\n372_piece___</Filter>
    </ClCompile>
    <ClCompile Include="source\n372_piece___\n372_140_pieceBSilver.cpp">
      <Filter>source\n372_piece___</Filter>
    </ClCompile>
    <ClCompile Include="source\n372_piece___\n372_150_pieceBBishop.cpp">
      <Filter>source\n372_piece___</Filter>
    </ClCompile>
    <ClCompile Include="source\n372_piece___\n372_160_pieceBRook.cpp">
      <Filter>source\n372_piece___</Filter>
    </ClCompile>
    <ClCompile Include="source\n372_piece___\n372_170_pieceBGold.cpp">
      <Filter>source\n372_piece___</Filter>
    </ClCompile>
    <ClCompile Include="source\n372_piece___\n372_180_pieceBKing.cpp">
      <Filter>source\n372_piece___</Filter>
    </ClCompile>
    <ClCompile Include="source\n372_piece___\n372_190_pieceBProPawn.cpp">
      <Filter>source\n372_piece___</Filter>
    </ClCompile>
    <ClCompile Include="source\n372_piece___\n372_200_pieceBProLance.cpp">
      <Filter>source\n372_piece___</Filter>
    </ClCompile>
    <ClCompile Include="source\n372_piece___\n372_210_pieceBProKnight.cpp">
      <Filter>source\n372_piece___</Filter>
    </ClCompile>
    <ClCompile Include="source\n372_piece___\n372_220_pieceBProSilver.cpp">
      <Filter>source\n372_piece___</Filter>
    </ClCompile>
    <ClCompile Include="source\n372_piece___\n372_230_pieceBHorse.cpp">
      <Filter>source\n372_piece___</Filter>
    </ClCompile>
    <ClCompile Include="source\n372_piece___\n372_240_pieceBDragon.cpp">
      <Filter>source\n372_piece___</Filter>
    </ClCompile>
    <ClCompile Include="source\n372_piece___\n372_270_pieceWPawn.cpp">
      <Filter>source\n372_piece___</Filter>
    </ClCompile>
    <ClCompile Include="source\n372_piece___\n372_280_pieceWLance.cpp">
      <Filter>source\n372_piece___</Filter>
    </ClCompile>
    <ClCompile Include="source\n372_piece___\n372_290_pieceWKnight.cpp">
      <Filter>source\n372_piece___</Filter>
    </ClCompile>
    <ClCompile Include="source\n372_piece___\n372_300_pieceWSilver.cpp">
      <Filter>source\n372_piece___</Filter>
    </ClCompile>
    <ClCompile Include="source\n372_piece___\n372_310_pieceWBishop.cpp">
      <Filter>source\n372_piece___</Filter>
    </ClCompile>
    <ClCompile Include="source\n372_piece___\n372_320_pieceWRook.cpp">
      <Filter>source\n372_piece___</Filter>
    </ClCompile>
    <ClCompile Include="source\n372_piece___\n372_330_pieceWGold.cpp">
      <Filter>source\n372_piece___</Filter>
    </ClCompile>
    <ClCompile Include="source\n372_piece___\n372_340_pieceWKing.cpp">
      <Filter>source\n372_piece___</Filter>
    </ClCompile>
    <ClCompile Include="source\n372_piece___\n372_350_pieceWProPawn.cpp">
      <Filter>source\n372_piece___</Filter>
    </ClCompile>
    <ClCompile Include="source\n372_piece___\n372_360_pieceWProLance.cpp">
      <Filter>source\n372_piece___</Filter>
    </ClCompile>
    <ClCompile Include="source\n372_piece___\n372_370_pieceWProKnight.cpp">
      <Filter>source\n372_piece___</Filter>
    </ClCompile>
    <ClCompile Include="source\n372_piece___\n372_380_pieceWProSilver.cpp">
      <Filter>source\n372_piece___</Filter>
    </ClCompile>
    <ClCompile Include="source\n372_piece___\n372_390_pieceWHorse.cpp">
      <Filter>source\n372_piece___</Filter>
    </ClCompile>
    <ClCompile Include="source\n372_piece___\n372_400_pieceWDragon.cpp">
      <Filter>source\n372_piece___</Filter>
    </ClCompile>
    <ClCompile Include="source\n372_piece___\n372_410_pieceNone.cpp">
      <Filter>source\n372_piece___</Filter>
    </ClCompile>
    <ClCompile Include="source\n372_piece___\n372_500_pieceArray.cpp">
      <Filter>source\n372_piece___</Filter>
    </ClCompile>
    <ClCompile Include="source\n407_moveGen_\n407_900_moveList.cpp">
      <Filter>source\n407_moveGen_</Filter>
    </ClCompile>
    <ClCompile Include="source\n407_moveGen_\n407_800_moveGenerator200.cpp">
      <Filter>source\n407_moveGen_</Filter>
    </ClCompile>
    <ClCompile Include="source\n405_moveType\n405_070_mtAbstract.cpp">
      <Filter>source\n405_moveType</Filter>
    </ClCompile>
    <ClCompile Include="source\n405_moveType\n405_100_mtCapture.cpp">
      <Filter>source\n405_moveType</Filter>
    </ClCompile>
    <ClCompile Include="source\n405_moveType\n405_110_mtNonCapture.cpp">
      <Filter>source\n405_moveType</Filter>
    </ClCompile>
    <ClCompile Include="source\n405_moveType\n405_120_mtDrop.cpp">
      <Filter>source\n405_moveType</Filter>
    </ClCompile>
    <ClCompile Include="source\n405_moveType\n405_130_mtCapturePlusPro.cpp">
      <Filter>source\n405_moveType</Filter>
    </ClCompile>
    <ClCompile Include="source\n405_moveType\n405_140_mtNonCaptureMinusPro.cpp">
      <Filter>source\n405_moveType</Filter>
    </ClCompile>
    <ClCompile Include="source\n405_moveType\n405_150_mtRecapture.cpp">
      <Filter>source\n405_moveType</Filter>
    </ClCompile>
    <ClCompile Include="source\n405_moveType\n405_160_mtEvasion.cpp">
      <Filter>source\n405_moveType</Filter>
    </ClCompile>
    <ClCompile Include="source\n405_moveType\n405_170_mtNonEvasion.cpp">
      <Filter>source\n405_moveType</Filter>
    </ClCompile>
    <ClCompile Include="source\n405_moveType\n405_180_mtLegal.cpp">
      <Filter>source\n405_moveType</Filter>
    </ClCompile>
    <ClCompile Include="source\n405_moveType\n405_190_mtLegalAll.cpp">
      <Filter>source\n405_moveType</Filter>
    </ClCompile>
    <ClCompile Include="source\n405_moveType\n405_200_mtMoveTypeNone.cpp">
      <Filter>source\n405_moveType</Filter>
    </ClCompile>
    <ClCompile Include="source\n405_moveType\n405_500_mtArray.cpp">
      <Filter>source\n405_moveType</Filter>
    </ClCompile>
    <ClCompile Include="source\n205_repeType\n886_070_rtAbstract.cpp">
      <Filter>source\n886_repeType</Filter>
    </ClCompile>
    <ClCompile Include="source\n205_repeType\n886_100_rtNot.cpp">
      <Filter>source\n886_repeType</Filter>
    </ClCompile>
    <ClCompile Include="source\n205_repeType\n886_110_rtDraw.cpp">
      <Filter>source\n886_repeType</Filter>
    </ClCompile>
    <ClCompile Include="source\n205_repeType\n886_120_rtWin.cpp">
      <Filter>source\n886_repeType</Filter>
    </ClCompile>
    <ClCompile Include="source\n205_repeType\n886_130_rtLose.cpp">
      <Filter>source\n886_repeType</Filter>
    </ClCompile>
    <ClCompile Include="source\n205_repeType\n886_140_rtSuperior.cpp">
      <Filter>source\n886_repeType</Filter>
    </ClCompile>
    <ClCompile Include="source\n205_repeType\n886_150_rtInferior.cpp">
      <Filter>source\n886_repeType</Filter>
    </ClCompile>
    <ClCompile Include="source\n205_repeType\n886_500_rtArray.cpp">
      <Filter>source\n886_repeType</Filter>
    </ClCompile>
    <ClCompile Include="source\n440_movStack\n440_500_nextmoveEvent.cpp">
      <Filter>source\n440_movStack</Filter>
    </ClCompile>
    <ClCompile Include="source\n800_learn___\n800_100_stopwatch.cpp">
      <Filter>source\n800_learn___</Filter>
    </ClCompile>
    <ClCompile Include="source\n760_thread__\n760_350_warrior.cpp">
      <Filter>source\n760_thread__</Filter>
    </ClCompile>
    <ClCompile Include="source\n760_thread__\n760_400_herosPub.cpp">
      <Filter>source\n760_thread__</Filter>
    </ClCompile>
    <ClCompile Include="source\n760_thread__\n760_300_captain.cpp">
      <Filter>source\n760_thread__</Filter>
    </ClCompile>
    <ClCompile Include="source\n760_thread__\n760_250_military.cpp">
      <Filter>source\n760_thread__</Filter>
    </ClCompile>
    <ClCompile Include="source\n885_searcher\n885_600_iterativeDeepeningLoop.cpp">
      <Filter>source\n885_searcher</Filter>
    </ClCompile>
    <ClCompile Include="source\n885_searcher\n885_580_skill.cpp">
      <Filter>source\n885_searcher</Filter>
    </ClCompile>
    <ClCompile Include="source\n165_movStack\n165_600_utilMove.cpp">
      <Filter>source\n165_movStack</Filter>
    </ClCompile>
    <ClCompile Include="source\n165_movStack\n165_400_move.cpp">
      <Filter>source\n165_movStack</Filter>
    </ClCompile>
    <ClCompile Include="source\n223_move____\n223_300_moveAndScoreIndex.cpp">
      <Filter>source\n223_move____</Filter>
    </ClCompile>
    <ClCompile Include="source\n350_pieceTyp\n350_500_ptPrograms.cpp">
      <Filter>source\n350_pieceTyp</Filter>
    </ClCompile>
    <ClCompile Include="source\n887_nodeType\n887_500_nodetypePrograms.cpp">
      <Filter>source\n887_nodeType</Filter>
    </ClCompile>
    <ClCompile Include="source\n887_nodeType\n887_100_nodetypeRoot.cpp">
      <Filter>source\n887_nodeType</Filter>
    </ClCompile>
    <ClCompile Include="source\n887_nodeType\n887_110_nodetypePv.cpp">
      <Filter>source\n887_nodeType</Filter>
    </ClCompile>
    <ClCompile Include="source\n887_nodeType\n887_120_nodetypeNonPv.cpp">
      <Filter>source\n887_nodeType</Filter>
    </ClCompile>
    <ClCompile Include="source\n887_nodeType\n887_130_nodetypeSplitedNodeRoot.cpp">
      <Filter>source\n887_nodeType</Filter>
    </ClCompile>
    <ClCompile Include="source\n887_nodeType\n887_140_nodetypeSplitedNodePv.cpp">
      <Filter>source\n887_nodeType</Filter>
    </ClCompile>
    <ClCompile Include="source\n887_nodeType\n887_150_nodetypeSplitedNodeNonPv.cpp">
      <Filter>source\n887_nodeType</Filter>
    </ClCompile>
    <ClCompile Include="source\n885_searcher\n885_510_hitchhiker.cpp">
      <Filter>source\n885_searcher</Filter>
    </ClCompile>
    <ClCompile Include="source\n885_searcher\n885_040_rucksack.cpp">
      <Filter>source\n885_searcher</Filter>
    </ClCompile>
    <ClCompile Include="source\n885_searcher\n885_480_hitchhikerNyugyoku.cpp">
      <Filter>source\n885_searcher</Filter>
    </ClCompile>
    <ClCompile Include="source\n885_searcher\n885_310_hitchhikerQsearchAbstract.cpp">
      <Filter>source\n885_searcher</Filter>
    </ClCompile>
    <ClCompile Include="source\n885_searcher\n885_320_hitchhikerQsearchPv.cpp">
      <Filter>source\n885_searcher</Filter>
    </ClCompile>
    <ClCompile Include="source\n885_searcher\n885_330_hitchhikerQsearchNonPv.cpp">
      <Filter>source\n885_searcher</Filter>
    </ClCompile>
    <ClCompile Include="source\n885_searcher\n885_340_hitchhikerQsearchPrograms.cpp">
      <Filter>source\n885_searcher</Filter>
    </ClCompile>
    <ClCompile Include="source\n755_sword___\n755_070_SwordAbstract.cpp">
      <Filter>source\n755_sword___</Filter>
    </ClCompile>
    <ClCompile Include="source\n755_sword___\n755_100_SwordRoot.cpp">
      <Filter>source\n755_sword___</Filter>
    </ClCompile>
    <ClCompile Include="source\n755_sword___\n755_110_SwordPv.cpp">
      <Filter>source\n755_sword___</Filter>
    </ClCompile>
    <ClCompile Include="source\n755_sword___\n755_120_SwordNonPv.cpp">
      <Filter>source\n755_sword___</Filter>
    </ClCompile>
    <ClCompile Include="source\n350_pieceTyp\n350_030_makePromoteMove.cpp">
      <Filter>source\n350_pieceTyp</Filter>
    </ClCompile>
    <ClCompile Include="source\n883_nodeType\n883_070_nodetypeAbstract.cpp">
      <Filter>source\n883_nodeType</Filter>
    </ClCompile>
  </ItemGroup>
</Project>